// !$*UTF8*$!
{
	archiveVersion = 1;
	classes = {
	};
	objectVersion = 46;
	objects = {

/* Begin PBXBuildFile section */
		12AF5A74A9C1A61375F5BA2F /* libPods-sss-test.a in Frameworks */ = {isa = PBXBuildFile; fileRef = BEA48B61CA32D6AB38F81ACE /* libPods-sss-test.a */; };
		D247EC001AFB442B001C57BD /* main.m in Sources */ = {isa = PBXBuildFile; fileRef = D247EBFF1AFB442B001C57BD /* main.m */; };
		D247EC031AFB442B001C57BD /* AppDelegate.m in Sources */ = {isa = PBXBuildFile; fileRef = D247EC021AFB442B001C57BD /* AppDelegate.m */; };
		D247EC061AFB442B001C57BD /* ViewController.m in Sources */ = {isa = PBXBuildFile; fileRef = D247EC051AFB442B001C57BD /* ViewController.m */; };
		D247EC091AFB442B001C57BD /* Main.storyboard in Resources */ = {isa = PBXBuildFile; fileRef = D247EC071AFB442B001C57BD /* Main.storyboard */; };
		D247EC0B1AFB442B001C57BD /* Images.xcassets in Resources */ = {isa = PBXBuildFile; fileRef = D247EC0A1AFB442B001C57BD /* Images.xcassets */; };
		D247EC0E1AFB442B001C57BD /* LaunchScreen.xib in Resources */ = {isa = PBXBuildFile; fileRef = D247EC0C1AFB442B001C57BD /* LaunchScreen.xib */; };
		D247EC1A1AFB442B001C57BD /* sss_testTests.m in Sources */ = {isa = PBXBuildFile; fileRef = D247EC191AFB442B001C57BD /* sss_testTests.m */; };
/* End PBXBuildFile section */

/* Begin PBXContainerItemProxy section */
		D247EC141AFB442B001C57BD /* PBXContainerItemProxy */ = {
			isa = PBXContainerItemProxy;
			containerPortal = D247EBF21AFB442A001C57BD /* Project object */;
			proxyType = 1;
			remoteGlobalIDString = D247EBF91AFB442B001C57BD;
			remoteInfo = "sss-test";
		};
/* End PBXContainerItemProxy section */

/* Begin PBXFileReference section */
		6D547DA03F9984648256E0E0 /* Pods-sss-test.release.xcconfig */ = {isa = PBXFileReference; includeInIndex = 1; lastKnownFileType = text.xcconfig; name = "Pods-sss-test.release.xcconfig"; path = "Pods/Target Support Files/Pods-sss-test/Pods-sss-test.release.xcconfig"; sourceTree = "<group>"; };
		B103FE561F350C08D7C85AF1 /* Pods-sss-test.debug.xcconfig */ = {isa = PBXFileReference; includeInIndex = 1; lastKnownFileType = text.xcconfig; name = "Pods-sss-test.debug.xcconfig"; path = "Pods/Target Support Files/Pods-sss-test/Pods-sss-test.debug.xcconfig"; sourceTree = "<group>"; };
		BEA48B61CA32D6AB38F81ACE /* libPods-sss-test.a */ = {isa = PBXFileReference; explicitFileType = archive.ar; includeInIndex = 0; path = "libPods-sss-test.a"; sourceTree = BUILT_PRODUCTS_DIR; };
		D247EBFA1AFB442B001C57BD /* sss-test.app */ = {isa = PBXFileReference; explicitFileType = wrapper.application; includeInIndex = 0; path = "sss-test.app"; sourceTree = BUILT_PRODUCTS_DIR; };
		D247EBFE1AFB442B001C57BD /* Info.plist */ = {isa = PBXFileReference; lastKnownFileType = text.plist.xml; path = Info.plist; sourceTree = "<group>"; };
		D247EBFF1AFB442B001C57BD /* main.m */ = {isa = PBXFileReference; lastKnownFileType = sourcecode.c.objc; path = main.m; sourceTree = "<group>"; };
		D247EC011AFB442B001C57BD /* AppDelegate.h */ = {isa = PBXFileReference; lastKnownFileType = sourcecode.c.h; path = AppDelegate.h; sourceTree = "<group>"; };
		D247EC021AFB442B001C57BD /* AppDelegate.m */ = {isa = PBXFileReference; lastKnownFileType = sourcecode.c.objc; path = AppDelegate.m; sourceTree = "<group>"; };
		D247EC041AFB442B001C57BD /* ViewController.h */ = {isa = PBXFileReference; lastKnownFileType = sourcecode.c.h; path = ViewController.h; sourceTree = "<group>"; };
		D247EC051AFB442B001C57BD /* ViewController.m */ = {isa = PBXFileReference; lastKnownFileType = sourcecode.c.objc; path = ViewController.m; sourceTree = "<group>"; };
		D247EC081AFB442B001C57BD /* Base */ = {isa = PBXFileReference; lastKnownFileType = file.storyboard; name = Base; path = Base.lproj/Main.storyboard; sourceTree = "<group>"; };
		D247EC0A1AFB442B001C57BD /* Images.xcassets */ = {isa = PBXFileReference; lastKnownFileType = folder.assetcatalog; path = Images.xcassets; sourceTree = "<group>"; };
		D247EC0D1AFB442B001C57BD /* Base */ = {isa = PBXFileReference; lastKnownFileType = file.xib; name = Base; path = Base.lproj/LaunchScreen.xib; sourceTree = "<group>"; };
		D247EC131AFB442B001C57BD /* sss-testTests.xctest */ = {isa = PBXFileReference; explicitFileType = wrapper.cfbundle; includeInIndex = 0; path = "sss-testTests.xctest"; sourceTree = BUILT_PRODUCTS_DIR; };
		D247EC181AFB442B001C57BD /* Info.plist */ = {isa = PBXFileReference; lastKnownFileType = text.plist.xml; path = Info.plist; sourceTree = "<group>"; };
		D247EC191AFB442B001C57BD /* sss_testTests.m */ = {isa = PBXFileReference; lastKnownFileType = sourcecode.c.objc; path = sss_testTests.m; sourceTree = "<group>"; };
/* End PBXFileReference section */

/* Begin PBXFrameworksBuildPhase section */
		D247EBF71AFB442B001C57BD /* Frameworks */ = {
			isa = PBXFrameworksBuildPhase;
			buildActionMask = 2147483647;
			files = (
				12AF5A74A9C1A61375F5BA2F /* libPods-sss-test.a in Frameworks */,
			);
			runOnlyForDeploymentPostprocessing = 0;
		};
		D247EC101AFB442B001C57BD /* Frameworks */ = {
			isa = PBXFrameworksBuildPhase;
			buildActionMask = 2147483647;
			files = (
			);
			runOnlyForDeploymentPostprocessing = 0;
		};
/* End PBXFrameworksBuildPhase section */

/* Begin PBXGroup section */
		370004309244276036DBE87B /* Frameworks */ = {
			isa = PBXGroup;
			children = (
				BEA48B61CA32D6AB38F81ACE /* libPods-sss-test.a */,
			);
			name = Frameworks;
			sourceTree = "<group>";
		};
		D247EBF11AFB442A001C57BD = {
			isa = PBXGroup;
			children = (
				D247EBFC1AFB442B001C57BD /* sss-test */,
				D247EC161AFB442B001C57BD /* sss-testTests */,
				D247EBFB1AFB442B001C57BD /* Products */,
				D8AE686E1F70DFD67C88F00F /* Pods */,
				370004309244276036DBE87B /* Frameworks */,
			);
			sourceTree = "<group>";
		};
		D247EBFB1AFB442B001C57BD /* Products */ = {
			isa = PBXGroup;
			children = (
				D247EBFA1AFB442B001C57BD /* sss-test.app */,
				D247EC131AFB442B001C57BD /* sss-testTests.xctest */,
			);
			name = Products;
			sourceTree = "<group>";
		};
		D247EBFC1AFB442B001C57BD /* sss-test */ = {
			isa = PBXGroup;
			children = (
				D247EC011AFB442B001C57BD /* AppDelegate.h */,
				D247EC021AFB442B001C57BD /* AppDelegate.m */,
				D247EC041AFB442B001C57BD /* ViewController.h */,
				D247EC051AFB442B001C57BD /* ViewController.m */,
				D247EC071AFB442B001C57BD /* Main.storyboard */,
				D247EC0A1AFB442B001C57BD /* Images.xcassets */,
				D247EC0C1AFB442B001C57BD /* LaunchScreen.xib */,
				D247EBFD1AFB442B001C57BD /* Supporting Files */,
			);
			path = "sss-test";
			sourceTree = "<group>";
		};
		D247EBFD1AFB442B001C57BD /* Supporting Files */ = {
			isa = PBXGroup;
			children = (
				D247EBFE1AFB442B001C57BD /* Info.plist */,
				D247EBFF1AFB442B001C57BD /* main.m */,
			);
			name = "Supporting Files";
			sourceTree = "<group>";
		};
		D247EC161AFB442B001C57BD /* sss-testTests */ = {
			isa = PBXGroup;
			children = (
				D247EC191AFB442B001C57BD /* sss_testTests.m */,
				D247EC171AFB442B001C57BD /* Supporting Files */,
			);
			path = "sss-testTests";
			sourceTree = "<group>";
		};
		D247EC171AFB442B001C57BD /* Supporting Files */ = {
			isa = PBXGroup;
			children = (
				D247EC181AFB442B001C57BD /* Info.plist */,
			);
			name = "Supporting Files";
			sourceTree = "<group>";
		};
		D8AE686E1F70DFD67C88F00F /* Pods */ = {
			isa = PBXGroup;
			children = (
				B103FE561F350C08D7C85AF1 /* Pods-sss-test.debug.xcconfig */,
				6D547DA03F9984648256E0E0 /* Pods-sss-test.release.xcconfig */,
			);
			name = Pods;
			sourceTree = "<group>";
		};
/* End PBXGroup section */

/* Begin PBXNativeTarget section */
		D247EBF91AFB442B001C57BD /* sss-test */ = {
			isa = PBXNativeTarget;
			buildConfigurationList = D247EC1D1AFB442B001C57BD /* Build configuration list for PBXNativeTarget "sss-test" */;
			buildPhases = (
				45DDDC81812891A8EB0E1A91 /* Check Pods Manifest.lock */,
				D247EBF61AFB442B001C57BD /* Sources */,
				D247EBF71AFB442B001C57BD /* Frameworks */,
				D247EBF81AFB442B001C57BD /* Resources */,
				A3E3EFDA44998FE922AA9BA7 /* Copy Pods Resources */,
			);
			buildRules = (
			);
			dependencies = (
			);
			name = "sss-test";
			productName = "sss-test";
			productReference = D247EBFA1AFB442B001C57BD /* sss-test.app */;
			productType = "com.apple.product-type.application";
		};
		D247EC121AFB442B001C57BD /* sss-testTests */ = {
			isa = PBXNativeTarget;
			buildConfigurationList = D247EC201AFB442B001C57BD /* Build configuration list for PBXNativeTarget "sss-testTests" */;
			buildPhases = (
				D247EC0F1AFB442B001C57BD /* Sources */,
				D247EC101AFB442B001C57BD /* Frameworks */,
				D247EC111AFB442B001C57BD /* Resources */,
			);
			buildRules = (
			);
			dependencies = (
				D247EC151AFB442B001C57BD /* PBXTargetDependency */,
			);
			name = "sss-testTests";
			productName = "sss-testTests";
			productReference = D247EC131AFB442B001C57BD /* sss-testTests.xctest */;
			productType = "com.apple.product-type.bundle.unit-test";
		};
/* End PBXNativeTarget section */

/* Begin PBXProject section */
		D247EBF21AFB442A001C57BD /* Project object */ = {
			isa = PBXProject;
			attributes = {
				LastUpgradeCheck = 0630;
				ORGANIZATIONNAME = "Scott Lee";
				TargetAttributes = {
					D247EBF91AFB442B001C57BD = {
						CreatedOnToolsVersion = 6.3.1;
					};
					D247EC121AFB442B001C57BD = {
						CreatedOnToolsVersion = 6.3.1;
						TestTargetID = D247EBF91AFB442B001C57BD;
					};
				};
			};
			buildConfigurationList = D247EBF51AFB442A001C57BD /* Build configuration list for PBXProject "sss-test" */;
			compatibilityVersion = "Xcode 3.2";
			developmentRegion = English;
			hasScannedForEncodings = 0;
			knownRegions = (
				en,
				Base,
			);
			mainGroup = D247EBF11AFB442A001C57BD;
			productRefGroup = D247EBFB1AFB442B001C57BD /* Products */;
			projectDirPath = "";
			projectRoot = "";
			targets = (
				D247EBF91AFB442B001C57BD /* sss-test */,
				D247EC121AFB442B001C57BD /* sss-testTests */,
			);
		};
/* End PBXProject section */

/* Begin PBXResourcesBuildPhase section */
		D247EBF81AFB442B001C57BD /* Resources */ = {
			isa = PBXResourcesBuildPhase;
			buildActionMask = 2147483647;
			files = (
				D247EC091AFB442B001C57BD /* Main.storyboard in Resources */,
				D247EC0E1AFB442B001C57BD /* LaunchScreen.xib in Resources */,
				D247EC0B1AFB442B001C57BD /* Images.xcassets in Resources */,
			);
			runOnlyForDeploymentPostprocessing = 0;
		};
		D247EC111AFB442B001C57BD /* Resources */ = {
			isa = PBXResourcesBuildPhase;
			buildActionMask = 2147483647;
			files = (
			);
			runOnlyForDeploymentPostprocessing = 0;
		};
/* End PBXResourcesBuildPhase section */

/* Begin PBXShellScriptBuildPhase section */
		45DDDC81812891A8EB0E1A91 /* Check Pods Manifest.lock */ = {
			isa = PBXShellScriptBuildPhase;
			buildActionMask = 2147483647;
			files = (
			);
			inputPaths = (
			);
			name = "Check Pods Manifest.lock";
			outputPaths = (
			);
			runOnlyForDeploymentPostprocessing = 0;
			shellPath = /bin/sh;
			shellScript = "diff \"${PODS_ROOT}/../Podfile.lock\" \"${PODS_ROOT}/Manifest.lock\" > /dev/null\nif [[ $? != 0 ]] ; then\n    cat << EOM\nerror: The sandbox is not in sync with the Podfile.lock. Run 'pod install' or update your CocoaPods installation.\nEOM\n    exit 1\nfi\n";
			showEnvVarsInLog = 0;
		};
		A3E3EFDA44998FE922AA9BA7 /* Copy Pods Resources */ = {
			isa = PBXShellScriptBuildPhase;
			buildActionMask = 2147483647;
			files = (
			);
			inputPaths = (
			);
			name = "Copy Pods Resources";
			outputPaths = (
			);
			runOnlyForDeploymentPostprocessing = 0;
			shellPath = /bin/sh;
			shellScript = "\"${SRCROOT}/Pods/Target Support Files/Pods-sss-test/Pods-sss-test-resources.sh\"\n";
			showEnvVarsInLog = 0;
		};
/* End PBXShellScriptBuildPhase section */

/* Begin PBXSourcesBuildPhase section */
		D247EBF61AFB442B001C57BD /* Sources */ = {
			isa = PBXSourcesBuildPhase;
			buildActionMask = 2147483647;
			files = (
				D247EC061AFB442B001C57BD /* ViewController.m in Sources */,
				D247EC031AFB442B001C57BD /* AppDelegate.m in Sources */,
				D247EC001AFB442B001C57BD /* main.m in Sources */,
			);
			runOnlyForDeploymentPostprocessing = 0;
		};
		D247EC0F1AFB442B001C57BD /* Sources */ = {
			isa = PBXSourcesBuildPhase;
			buildActionMask = 2147483647;
			files = (
				D247EC1A1AFB442B001C57BD /* sss_testTests.m in Sources */,
			);
			runOnlyForDeploymentPostprocessing = 0;
		};
/* End PBXSourcesBuildPhase section */

/* Begin PBXTargetDependency section */
		D247EC151AFB442B001C57BD /* PBXTargetDependency */ = {
			isa = PBXTargetDependency;
			target = D247EBF91AFB442B001C57BD /* sss-test */;
			targetProxy = D247EC141AFB442B001C57BD /* PBXContainerItemProxy */;
		};
/* End PBXTargetDependency section */

/* Begin PBXVariantGroup section */
		D247EC071AFB442B001C57BD /* Main.storyboard */ = {
			isa = PBXVariantGroup;
			children = (
				D247EC081AFB442B001C57BD /* Base */,
			);
			name = Main.storyboard;
			sourceTree = "<group>";
		};
		D247EC0C1AFB442B001C57BD /* LaunchScreen.xib */ = {
			isa = PBXVariantGroup;
			children = (
				D247EC0D1AFB442B001C57BD /* Base */,
			);
			name = LaunchScreen.xib;
			sourceTree = "<group>";
		};
/* End PBXVariantGroup section */

/* Begin XCBuildConfiguration section */
		D247EC1B1AFB442B001C57BD /* Debug */ = {
			isa = XCBuildConfiguration;
			buildSettings = {
				ALWAYS_SEARCH_USER_PATHS = NO;
				CLANG_CXX_LANGUAGE_STANDARD = "gnu++0x";
				CLANG_CXX_LIBRARY = "libc++";
				CLANG_ENABLE_MODULES = YES;
				CLANG_ENABLE_OBJC_ARC = YES;
				CLANG_WARN_BOOL_CONVERSION = YES;
				CLANG_WARN_CONSTANT_CONVERSION = YES;
				CLANG_WARN_DIRECT_OBJC_ISA_USAGE = YES_ERROR;
				CLANG_WARN_EMPTY_BODY = YES;
				CLANG_WARN_ENUM_CONVERSION = YES;
				CLANG_WARN_INT_CONVERSION = YES;
				CLANG_WARN_OBJC_ROOT_CLASS = YES_ERROR;
				CLANG_WARN_UNREACHABLE_CODE = YES;
				CLANG_WARN__DUPLICATE_METHOD_MATCH = YES;
				"CODE_SIGN_IDENTITY[sdk=iphoneos*]" = "iPhone Developer";
				COPY_PHASE_STRIP = NO;
				DEBUG_INFORMATION_FORMAT = "dwarf-with-dsym";
				ENABLE_STRICT_OBJC_MSGSEND = YES;
				GCC_C_LANGUAGE_STANDARD = gnu99;
				GCC_DYNAMIC_NO_PIC = NO;
				GCC_NO_COMMON_BLOCKS = YES;
				GCC_OPTIMIZATION_LEVEL = 0;
				GCC_PREPROCESSOR_DEFINITIONS = (
					"DEBUG=1",
					"$(inherited)",
				);
				GCC_SYMBOLS_PRIVATE_EXTERN = NO;
				GCC_WARN_64_TO_32_BIT_CONVERSION = YES;
				GCC_WARN_ABOUT_RETURN_TYPE = YES_ERROR;
				GCC_WARN_UNDECLARED_SELECTOR = YES;
				GCC_WARN_UNINITIALIZED_AUTOS = YES_AGGRESSIVE;
				GCC_WARN_UNUSED_FUNCTION = YES;
				GCC_WARN_UNUSED_VARIABLE = YES;
				IPHONEOS_DEPLOYMENT_TARGET = 8.3;
				MTL_ENABLE_DEBUG_INFO = YES;
				ONLY_ACTIVE_ARCH = YES;
				SDKROOT = iphoneos;
			};
			name = Debug;
		};
		D247EC1C1AFB442B001C57BD /* Release */ = {
			isa = XCBuildConfiguration;
			buildSettings = {
				ALWAYS_SEARCH_USER_PATHS = NO;
				CLANG_CXX_LANGUAGE_STANDARD = "gnu++0x";
				CLANG_CXX_LIBRARY = "libc++";
				CLANG_ENABLE_MODULES = YES;
				CLANG_ENABLE_OBJC_ARC = YES;
				CLANG_WARN_BOOL_CONVERSION = YES;
				CLANG_WARN_CONSTANT_CONVERSION = YES;
				CLANG_WARN_DIRECT_OBJC_ISA_USAGE = YES_ERROR;
				CLANG_WARN_EMPTY_BODY = YES;
				CLANG_WARN_ENUM_CONVERSION = YES;
				CLANG_WARN_INT_CONVERSION = YES;
				CLANG_WARN_OBJC_ROOT_CLASS = YES_ERROR;
				CLANG_WARN_UNREACHABLE_CODE = YES;
				CLANG_WARN__DUPLICATE_METHOD_MATCH = YES;
				"CODE_SIGN_IDENTITY[sdk=iphoneos*]" = "iPhone Developer";
				COPY_PHASE_STRIP = NO;
				DEBUG_INFORMATION_FORMAT = "dwarf-with-dsym";
				ENABLE_NS_ASSERTIONS = NO;
				ENABLE_STRICT_OBJC_MSGSEND = YES;
				GCC_C_LANGUAGE_STANDARD = gnu99;
				GCC_NO_COMMON_BLOCKS = YES;
				GCC_WARN_64_TO_32_BIT_CONVERSION = YES;
				GCC_WARN_ABOUT_RETURN_TYPE = YES_ERROR;
				GCC_WARN_UNDECLARED_SELECTOR = YES;
				GCC_WARN_UNINITIALIZED_AUTOS = YES_AGGRESSIVE;
				GCC_WARN_UNUSED_FUNCTION = YES;
				GCC_WARN_UNUSED_VARIABLE = YES;
				IPHONEOS_DEPLOYMENT_TARGET = 8.3;
				MTL_ENABLE_DEBUG_INFO = NO;
				SDKROOT = iphoneos;
				VALIDATE_PRODUCT = YES;
			};
			name = Release;
		};
		D247EC1E1AFB442B001C57BD /* Debug */ = {
			isa = XCBuildConfiguration;
			baseConfigurationReference = B103FE561F350C08D7C85AF1 /* Pods-sss-test.debug.xcconfig */;
			buildSettings = {
				ASSETCATALOG_COMPILER_APPICON_NAME = AppIcon;
				INFOPLIST_FILE = "sss-test/Info.plist";
				LD_RUNPATH_SEARCH_PATHS = "$(inherited) @executable_path/Frameworks";
				PRODUCT_NAME = "$(TARGET_NAME)";
			};
			name = Debug;
		};
		D247EC1F1AFB442B001C57BD /* Release */ = {
			isa = XCBuildConfiguration;
			baseConfigurationReference = 6D547DA03F9984648256E0E0 /* Pods-sss-test.release.xcconfig */;
			buildSettings = {
				ASSETCATALOG_COMPILER_APPICON_NAME = AppIcon;
				INFOPLIST_FILE = "sss-test/Info.plist";
				LD_RUNPATH_SEARCH_PATHS = "$(inherited) @executable_path/Frameworks";
				PRODUCT_NAME = "$(TARGET_NAME)";
			};
			name = Release;
		};
		D247EC211AFB442B001C57BD /* Debug */ = {
			isa = XCBuildConfiguration;
			buildSettings = {
				BUNDLE_LOADER = "$(TEST_HOST)";
				FRAMEWORK_SEARCH_PATHS = (
					"$(SDKROOT)/Developer/Library/Frameworks",
					"$(inherited)",
				);
				GCC_PREPROCESSOR_DEFINITIONS = (
					"DEBUG=1",
					"$(inherited)",
				);
				INFOPLIST_FILE = "sss-testTests/Info.plist";
				LD_RUNPATH_SEARCH_PATHS = "$(inherited) @executable_path/Frameworks @loader_path/Frameworks";
				PRODUCT_NAME = "$(TARGET_NAME)";
				TEST_HOST = "$(BUILT_PRODUCTS_DIR)/sss-test.app/sss-test";
			};
			name = Debug;
		};
		D247EC221AFB442B001C57BD /* Release */ = {
			isa = XCBuildConfiguration;
			buildSettings = {
				BUNDLE_LOADER = "$(TEST_HOST)";
				FRAMEWORK_SEARCH_PATHS = (
					"$(SDKROOT)/Developer/Library/Frameworks",
					"$(inherited)",
				);
				INFOPLIST_FILE = "sss-testTests/Info.plist";
				LD_RUNPATH_SEARCH_PATHS = "$(inherited) @executable_path/Frameworks @loader_path/Frameworks";
				PRODUCT_NAME = "$(TARGET_NAME)";
				TEST_HOST = "$(BUILT_PRODUCTS_DIR)/sss-test.app/sss-test";
			};
			name = Release;
		};
/* End XCBuildConfiguration section */

/* Begin XCConfigurationList section */
		D247EBF51AFB442A001C57BD /* Build configuration list for PBXProject "sss-test" */ = {
			isa = XCConfigurationList;
			buildConfigurations = (
				D247EC1B1AFB442B001C57BD /* Debug */,
				D247EC1C1AFB442B001C57BD /* Release */,
			);
			defaultConfigurationIsVisible = 0;
			defaultConfigurationName = Release;
		};
		D247EC1D1AFB442B001C57BD /* Build configuration list for PBXNativeTarget "sss-test" */ = {
			isa = XCConfigurationList;
			buildConfigurations = (
				D247EC1E1AFB442B001C57BD /* Debug */,
				D247EC1F1AFB442B001C57BD /* Release */,
			);
			defaultConfigurationIsVisible = 0;
			defaultConfigurationName = Release;
		};
		D247EC201AFB442B001C57BD /* Build configuration list for PBXNativeTarget "sss-testTests" */ = {
			isa = XCConfigurationList;
			buildConfigurations = (
				D247EC211AFB442B001C57BD /* Debug */,
				D247EC221AFB442B001C57BD /* Release */,
			);
			defaultConfigurationIsVisible = 0;
			defaultConfigurationName = Release;
		};
/* End XCConfigurationList section */
	};
	rootObject = D247EBF21AFB442A001C57BD /* Project object */;
}
